{
  "name": "gallery-map",
  "version": "1.0.0",
  "lockfileVersion": 1,
  "requires": true,
  "dependencies": {
    "@panzoom/panzoom": {
      "version": "4.4.4",
      "resolved": "https://registry.npmjs.org/@panzoom/panzoom/-/panzoom-4.4.4.tgz",
      "integrity": "sha512-ek82o3JCc/w/v3Iqu1NpwT2XBc5m54HmjCt6xKa1yFd+RKk429cwC6hj8vpjIKiRgTfOZs13RshFpKL8YzcxyA=="
    },
    "bootstrap": {
      "version": "5.1.3",
      "resolved": "https://registry.npmjs.org/bootstrap/-/bootstrap-5.1.3.tgz",
      "integrity": "sha512-fcQztozJ8jToQWXxVuEyXWW+dSo8AiXWKwiSSrKWsRB/Qt+Ewwza+JWoLKiTuQLaEPhdNAJ7+Dosc9DOIqNy7Q=="
    },
    "jquery": {
      "version": "3.6.0",
      "resolved": "https://registry.npmjs.org/jquery/-/jquery-3.6.0.tgz",
      "integrity": "sha512-JVzAR/AjBvVt2BmYhxRCSYysDsPcssdmTFnzyLEts9qNwmjmu4JTAMYubEfwVOSwpQ1I1sKKFcxhZCI2buerfw=="
    }
  }
}
